// !$*UTF8*$!
{
	archiveVersion = 1;
	classes = {
	};
	objectVersion = 56;
	objects = {

/* Begin PBXBuildFile section */
		831365322A8129BC00578093 /* AppDelegate.swift in Sources */ = {isa = PBXBuildFile; fileRef = 831365312A8129BC00578093 /* AppDelegate.swift */; };
		831365342A8129BC00578093 /* SceneDelegate.swift in Sources */ = {isa = PBXBuildFile; fileRef = 831365332A8129BC00578093 /* SceneDelegate.swift */; };
		831365362A8129BC00578093 /* ReminderListViewController.swift in Sources */ = {isa = PBXBuildFile; fileRef = 831365352A8129BC00578093 /* ReminderListViewController.swift */; };
		831365392A8129BC00578093 /* Main.storyboard in Resources */ = {isa = PBXBuildFile; fileRef = 831365372A8129BC00578093 /* Main.storyboard */; };
		8313653B2A8129BD00578093 /* Assets.xcassets in Resources */ = {isa = PBXBuildFile; fileRef = 8313653A2A8129BD00578093 /* Assets.xcassets */; };
		8313653E2A8129BD00578093 /* LaunchScreen.storyboard in Resources */ = {isa = PBXBuildFile; fileRef = 8313653C2A8129BD00578093 /* LaunchScreen.storyboard */; };
		831365472A812E8800578093 /* Reminder.swift in Sources */ = {isa = PBXBuildFile; fileRef = 831365462A812E8800578093 /* Reminder.swift */; };
		831365492A822B8B00578093 /* Date+PriOManage.swift in Sources */ = {isa = PBXBuildFile; fileRef = 831365482A822B8B00578093 /* Date+PriOManage.swift */; };
		8313654B2A822BD600578093 /* UIColor+PriOManage.swift in Sources */ = {isa = PBXBuildFile; fileRef = 8313654A2A822BD600578093 /* UIColor+PriOManage.swift */; };
		8313654F2A82478B00578093 /* ReminderListViewController+DataSource.swift in Sources */ = {isa = PBXBuildFile; fileRef = 8313654E2A82478B00578093 /* ReminderListViewController+DataSource.swift */; };
		831365512A847CBC00578093 /* ReminderDoneButton.swift in Sources */ = {isa = PBXBuildFile; fileRef = 831365502A847CBC00578093 /* ReminderDoneButton.swift */; };
		831365532A84850400578093 /* ReminderListViewController+Actions.swift in Sources */ = {isa = PBXBuildFile; fileRef = 831365522A84850400578093 /* ReminderListViewController+Actions.swift */; };
		831365552A85D1AA00578093 /* ReminderViewController.swift in Sources */ = {isa = PBXBuildFile; fileRef = 831365542A85D1AA00578093 /* ReminderViewController.swift */; };
		831365582A85E32900578093 /* ReminderViewController+Row.swift in Sources */ = {isa = PBXBuildFile; fileRef = 831365572A85E32900578093 /* ReminderViewController+Row.swift */; };
		8313655A2A8A1B0500578093 /* ReminderController+Section.swift in Sources */ = {isa = PBXBuildFile; fileRef = 831365592A8A1B0500578093 /* ReminderController+Section.swift */; };
		8313655D2A8BB76500578093 /* ReminderViewController+CellConfiguration.swift in Sources */ = {isa = PBXBuildFile; fileRef = 8313655C2A8BB76500578093 /* ReminderViewController+CellConfiguration.swift */; };
		831365612A8DBF9900578093 /* UIView+PinnedSubview.swift in Sources */ = {isa = PBXBuildFile; fileRef = 831365602A8DBF9900578093 /* UIView+PinnedSubview.swift */; };
		831365632A8E4D7700578093 /* TextFieldContentView.swift in Sources */ = {isa = PBXBuildFile; fileRef = 831365622A8E4D7700578093 /* TextFieldContentView.swift */; };
		831365652A8F202800578093 /* UIContentConfiguration+Stateless.swift in Sources */ = {isa = PBXBuildFile; fileRef = 831365642A8F202800578093 /* UIContentConfiguration+Stateless.swift */; };
		831365672A91083F00578093 /* UICollectionViewListCell+Configuration.swift in Sources */ = {isa = PBXBuildFile; fileRef = 831365662A91083F00578093 /* UICollectionViewListCell+Configuration.swift */; };
		831365692A9203AF00578093 /* TextViewContentView.swift in Sources */ = {isa = PBXBuildFile; fileRef = 831365682A9203AF00578093 /* TextViewContentView.swift */; };
		8313656B2A93114D00578093 /* DatePickerContentView.swift in Sources */ = {isa = PBXBuildFile; fileRef = 8313656A2A93114D00578093 /* DatePickerContentView.swift */; };
		8313656D2A96FC8E00578093 /* ReminderListStyle.swift in Sources */ = {isa = PBXBuildFile; fileRef = 8313656C2A96FC8E00578093 /* ReminderListStyle.swift */; };
		8313656F2A985B3E00578093 /* ProgressHeraderView.swift in Sources */ = {isa = PBXBuildFile; fileRef = 8313656E2A985B3E00578093 /* ProgressHeraderView.swift */; };
		831365712A9C462100578093 /* CAGradientLayer+ListStyle.swift in Sources */ = {isa = PBXBuildFile; fileRef = 831365702A9C462100578093 /* CAGradientLayer+ListStyle.swift */; };
		831365732A9D86C100578093 /* PrioError.swift in Sources */ = {isa = PBXBuildFile; fileRef = 831365722A9D86C100578093 /* PrioError.swift */; };
		831365752A9D8B1000578093 /* EKEventStore+AsyncFetch.swift in Sources */ = {isa = PBXBuildFile; fileRef = 831365742A9D8B1000578093 /* EKEventStore+AsyncFetch.swift */; };
		831365772A9D9EA500578093 /* Reminder+EKReminder.swift in Sources */ = {isa = PBXBuildFile; fileRef = 831365762A9D9EA500578093 /* Reminder+EKReminder.swift */; };
/* End PBXBuildFile section */

/* Begin PBXFileReference section */
		8313652E2A8129BC00578093 /* PriO Manage.app */ = {isa = PBXFileReference; explicitFileType = wrapper.application; includeInIndex = 0; path = "PriO Manage.app"; sourceTree = BUILT_PRODUCTS_DIR; };
		831365312A8129BC00578093 /* AppDelegate.swift */ = {isa = PBXFileReference; lastKnownFileType = sourcecode.swift; path = AppDelegate.swift; sourceTree = "<group>"; };
		831365332A8129BC00578093 /* SceneDelegate.swift */ = {isa = PBXFileReference; lastKnownFileType = sourcecode.swift; path = SceneDelegate.swift; sourceTree = "<group>"; };
		831365352A8129BC00578093 /* ReminderListViewController.swift */ = {isa = PBXFileReference; lastKnownFileType = sourcecode.swift; path = ReminderListViewController.swift; sourceTree = "<group>"; };
		831365382A8129BC00578093 /* Base */ = {isa = PBXFileReference; lastKnownFileType = file.storyboard; name = Base; path = Base.lproj/Main.storyboard; sourceTree = "<group>"; };
		8313653A2A8129BD00578093 /* Assets.xcassets */ = {isa = PBXFileReference; lastKnownFileType = folder.assetcatalog; path = Assets.xcassets; sourceTree = "<group>"; };
		8313653D2A8129BD00578093 /* Base */ = {isa = PBXFileReference; lastKnownFileType = file.storyboard; name = Base; path = Base.lproj/LaunchScreen.storyboard; sourceTree = "<group>"; };
		8313653F2A8129BD00578093 /* Info.plist */ = {isa = PBXFileReference; lastKnownFileType = text.plist.xml; path = Info.plist; sourceTree = "<group>"; };
		831365462A812E8800578093 /* Reminder.swift */ = {isa = PBXFileReference; lastKnownFileType = sourcecode.swift; path = Reminder.swift; sourceTree = "<group>"; };
		831365482A822B8B00578093 /* Date+PriOManage.swift */ = {isa = PBXFileReference; lastKnownFileType = sourcecode.swift; path = "Date+PriOManage.swift"; sourceTree = "<group>"; };
		8313654A2A822BD600578093 /* UIColor+PriOManage.swift */ = {isa = PBXFileReference; lastKnownFileType = sourcecode.swift; path = "UIColor+PriOManage.swift"; sourceTree = "<group>"; };
		8313654E2A82478B00578093 /* ReminderListViewController+DataSource.swift */ = {isa = PBXFileReference; lastKnownFileType = sourcecode.swift; path = "ReminderListViewController+DataSource.swift"; sourceTree = "<group>"; };
		831365502A847CBC00578093 /* ReminderDoneButton.swift */ = {isa = PBXFileReference; lastKnownFileType = sourcecode.swift; path = ReminderDoneButton.swift; sourceTree = "<group>"; };
		831365522A84850400578093 /* ReminderListViewController+Actions.swift */ = {isa = PBXFileReference; lastKnownFileType = sourcecode.swift; path = "ReminderListViewController+Actions.swift"; sourceTree = "<group>"; };
		831365542A85D1AA00578093 /* ReminderViewController.swift */ = {isa = PBXFileReference; lastKnownFileType = sourcecode.swift; path = ReminderViewController.swift; sourceTree = "<group>"; };
		831365572A85E32900578093 /* ReminderViewController+Row.swift */ = {isa = PBXFileReference; lastKnownFileType = sourcecode.swift; path = "ReminderViewController+Row.swift"; sourceTree = "<group>"; };
		831365592A8A1B0500578093 /* ReminderController+Section.swift */ = {isa = PBXFileReference; lastKnownFileType = sourcecode.swift; path = "ReminderController+Section.swift"; sourceTree = "<group>"; };
		8313655C2A8BB76500578093 /* ReminderViewController+CellConfiguration.swift */ = {isa = PBXFileReference; lastKnownFileType = sourcecode.swift; path = "ReminderViewController+CellConfiguration.swift"; sourceTree = "<group>"; };
		831365602A8DBF9900578093 /* UIView+PinnedSubview.swift */ = {isa = PBXFileReference; lastKnownFileType = sourcecode.swift; path = "UIView+PinnedSubview.swift"; sourceTree = "<group>"; };
		831365622A8E4D7700578093 /* TextFieldContentView.swift */ = {isa = PBXFileReference; lastKnownFileType = sourcecode.swift; path = TextFieldContentView.swift; sourceTree = "<group>"; };
		831365642A8F202800578093 /* UIContentConfiguration+Stateless.swift */ = {isa = PBXFileReference; lastKnownFileType = sourcecode.swift; path = "UIContentConfiguration+Stateless.swift"; sourceTree = "<group>"; };
		831365662A91083F00578093 /* UICollectionViewListCell+Configuration.swift */ = {isa = PBXFileReference; lastKnownFileType = sourcecode.swift; path = "UICollectionViewListCell+Configuration.swift"; sourceTree = "<group>"; };
		831365682A9203AF00578093 /* TextViewContentView.swift */ = {isa = PBXFileReference; lastKnownFileType = sourcecode.swift; path = TextViewContentView.swift; sourceTree = "<group>"; };
		8313656A2A93114D00578093 /* DatePickerContentView.swift */ = {isa = PBXFileReference; lastKnownFileType = sourcecode.swift; path = DatePickerContentView.swift; sourceTree = "<group>"; };
		8313656C2A96FC8E00578093 /* ReminderListStyle.swift */ = {isa = PBXFileReference; lastKnownFileType = sourcecode.swift; path = ReminderListStyle.swift; sourceTree = "<group>"; };
		8313656E2A985B3E00578093 /* ProgressHeraderView.swift */ = {isa = PBXFileReference; lastKnownFileType = sourcecode.swift; path = ProgressHeraderView.swift; sourceTree = "<group>"; };
		831365702A9C462100578093 /* CAGradientLayer+ListStyle.swift */ = {isa = PBXFileReference; lastKnownFileType = sourcecode.swift; path = "CAGradientLayer+ListStyle.swift"; sourceTree = "<group>"; };
		831365722A9D86C100578093 /* PrioError.swift */ = {isa = PBXFileReference; lastKnownFileType = sourcecode.swift; path = PrioError.swift; sourceTree = "<group>"; };
		831365742A9D8B1000578093 /* EKEventStore+AsyncFetch.swift */ = {isa = PBXFileReference; lastKnownFileType = sourcecode.swift; path = "EKEventStore+AsyncFetch.swift"; sourceTree = "<group>"; };
		831365762A9D9EA500578093 /* Reminder+EKReminder.swift */ = {isa = PBXFileReference; lastKnownFileType = sourcecode.swift; path = "Reminder+EKReminder.swift"; sourceTree = "<group>"; };
/* End PBXFileReference section */

/* Begin PBXFrameworksBuildPhase section */
		8313652B2A8129BC00578093 /* Frameworks */ = {
			isa = PBXFrameworksBuildPhase;
			buildActionMask = 2147483647;
			files = (
			);
			runOnlyForDeploymentPostprocessing = 0;
		};
/* End PBXFrameworksBuildPhase section */

/* Begin PBXGroup section */
		831365252A8129BC00578093 = {
			isa = PBXGroup;
			children = (
				831365302A8129BC00578093 /* PriO Manage */,
				8313652F2A8129BC00578093 /* Products */,
			);
			sourceTree = "<group>";
		};
		8313652F2A8129BC00578093 /* Products */ = {
			isa = PBXGroup;
			children = (
				8313652E2A8129BC00578093 /* PriO Manage.app */,
			);
			name = Products;
			sourceTree = "<group>";
		};
		831365302A8129BC00578093 /* PriO Manage */ = {
			isa = PBXGroup;
			children = (
				831365312A8129BC00578093 /* AppDelegate.swift */,
				831365332A8129BC00578093 /* SceneDelegate.swift */,
				831365452A812E5400578093 /* Models */,
				8313655B2A8B168900578093 /* View */,
				8313655F2A8DBF5600578093 /* ContentViews */,
				831365562A85E2F300578093 /* DetailViewController */,
				8313654C2A82475100578093 /* ListViewController */,
				8313653A2A8129BD00578093 /* Assets.xcassets */,
				8313653C2A8129BD00578093 /* LaunchScreen.storyboard */,
				8313653F2A8129BD00578093 /* Info.plist */,
			);
			path = "PriO Manage";
			sourceTree = "<group>";
		};
		831365452A812E5400578093 /* Models */ = {
			isa = PBXGroup;
			children = (
				831365462A812E8800578093 /* Reminder.swift */,
				831365762A9D9EA500578093 /* Reminder+EKReminder.swift */,
				831365482A822B8B00578093 /* Date+PriOManage.swift */,
				8313654A2A822BD600578093 /* UIColor+PriOManage.swift */,
				831365702A9C462100578093 /* CAGradientLayer+ListStyle.swift */,
				8313656C2A96FC8E00578093 /* ReminderListStyle.swift */,
				831365722A9D86C100578093 /* PrioError.swift */,
				831365742A9D8B1000578093 /* EKEventStore+AsyncFetch.swift */,
			);
			path = Models;
			sourceTree = "<group>";
		};
		8313654C2A82475100578093 /* ListViewController */ = {
			isa = PBXGroup;
			children = (
				831365352A8129BC00578093 /* ReminderListViewController.swift */,
				8313654E2A82478B00578093 /* ReminderListViewController+DataSource.swift */,
				831365522A84850400578093 /* ReminderListViewController+Actions.swift */,
				831365502A847CBC00578093 /* ReminderDoneButton.swift */,
				8313656E2A985B3E00578093 /* ProgressHeraderView.swift */,
			);
			path = ListViewController;
			sourceTree = "<group>";
		};
		831365562A85E2F300578093 /* DetailViewController */ = {
			isa = PBXGroup;
			children = (
				831365542A85D1AA00578093 /* ReminderViewController.swift */,
				831365572A85E32900578093 /* ReminderViewController+Row.swift */,
				831365592A8A1B0500578093 /* ReminderController+Section.swift */,
				8313655C2A8BB76500578093 /* ReminderViewController+CellConfiguration.swift */,
			);
			path = DetailViewController;
			sourceTree = "<group>";
		};
		8313655B2A8B168900578093 /* View */ = {
			isa = PBXGroup;
			children = (
				831365372A8129BC00578093 /* Main.storyboard */,
			);
			path = View;
			sourceTree = "<group>";
		};
		8313655F2A8DBF5600578093 /* ContentViews */ = {
			isa = PBXGroup;
			children = (
				831365602A8DBF9900578093 /* UIView+PinnedSubview.swift */,
				831365622A8E4D7700578093 /* TextFieldContentView.swift */,
				831365682A9203AF00578093 /* TextViewContentView.swift */,
				8313656A2A93114D00578093 /* DatePickerContentView.swift */,
				831365642A8F202800578093 /* UIContentConfiguration+Stateless.swift */,
				831365662A91083F00578093 /* UICollectionViewListCell+Configuration.swift */,
			);
			path = ContentViews;
			sourceTree = "<group>";
		};
/* End PBXGroup section */

/* Begin PBXNativeTarget section */
		8313652D2A8129BC00578093 /* PriO Manage */ = {
			isa = PBXNativeTarget;
			buildConfigurationList = 831365422A8129BD00578093 /* Build configuration list for PBXNativeTarget "PriO Manage" */;
			buildPhases = (
				8313652A2A8129BC00578093 /* Sources */,
				8313652B2A8129BC00578093 /* Frameworks */,
				8313652C2A8129BC00578093 /* Resources */,
			);
			buildRules = (
			);
			dependencies = (
			);
			name = "PriO Manage";
			productName = "PriO Manage";
			productReference = 8313652E2A8129BC00578093 /* PriO Manage.app */;
			productType = "com.apple.product-type.application";
		};
/* End PBXNativeTarget section */

/* Begin PBXProject section */
		831365262A8129BC00578093 /* Project object */ = {
			isa = PBXProject;
			attributes = {
				BuildIndependentTargetsInParallel = 1;
				LastSwiftUpdateCheck = 1430;
				LastUpgradeCheck = 1430;
				TargetAttributes = {
					8313652D2A8129BC00578093 = {
						CreatedOnToolsVersion = 14.3;
					};
				};
			};
			buildConfigurationList = 831365292A8129BC00578093 /* Build configuration list for PBXProject "PriO Manage" */;
			compatibilityVersion = "Xcode 14.0";
			developmentRegion = en;
			hasScannedForEncodings = 0;
			knownRegions = (
				en,
				Base,
			);
			mainGroup = 831365252A8129BC00578093;
			productRefGroup = 8313652F2A8129BC00578093 /* Products */;
			projectDirPath = "";
			projectRoot = "";
			targets = (
				8313652D2A8129BC00578093 /* PriO Manage */,
			);
		};
/* End PBXProject section */

/* Begin PBXResourcesBuildPhase section */
		8313652C2A8129BC00578093 /* Resources */ = {
			isa = PBXResourcesBuildPhase;
			buildActionMask = 2147483647;
			files = (
				8313653E2A8129BD00578093 /* LaunchScreen.storyboard in Resources */,
				8313653B2A8129BD00578093 /* Assets.xcassets in Resources */,
				831365392A8129BC00578093 /* Main.storyboard in Resources */,
			);
			runOnlyForDeploymentPostprocessing = 0;
		};
/* End PBXResourcesBuildPhase section */

/* Begin PBXSourcesBuildPhase section */
		8313652A2A8129BC00578093 /* Sources */ = {
			isa = PBXSourcesBuildPhase;
			buildActionMask = 2147483647;
			files = (
				831365612A8DBF9900578093 /* UIView+PinnedSubview.swift in Sources */,
				831365362A8129BC00578093 /* ReminderListViewController.swift in Sources */,
				831365532A84850400578093 /* ReminderListViewController+Actions.swift in Sources */,
				831365552A85D1AA00578093 /* ReminderViewController.swift in Sources */,
				831365492A822B8B00578093 /* Date+PriOManage.swift in Sources */,
				8313656F2A985B3E00578093 /* ProgressHeraderView.swift in Sources */,
				8313656D2A96FC8E00578093 /* ReminderListStyle.swift in Sources */,
				831365772A9D9EA500578093 /* Reminder+EKReminder.swift in Sources */,
				831365652A8F202800578093 /* UIContentConfiguration+Stateless.swift in Sources */,
				831365692A9203AF00578093 /* TextViewContentView.swift in Sources */,
				8313654B2A822BD600578093 /* UIColor+PriOManage.swift in Sources */,
				831365672A91083F00578093 /* UICollectionViewListCell+Configuration.swift in Sources */,
				831365582A85E32900578093 /* ReminderViewController+Row.swift in Sources */,
				831365632A8E4D7700578093 /* TextFieldContentView.swift in Sources */,
				831365712A9C462100578093 /* CAGradientLayer+ListStyle.swift in Sources */,
				831365512A847CBC00578093 /* ReminderDoneButton.swift in Sources */,
				831365322A8129BC00578093 /* AppDelegate.swift in Sources */,
				8313654F2A82478B00578093 /* ReminderListViewController+DataSource.swift in Sources */,
				8313655D2A8BB76500578093 /* ReminderViewController+CellConfiguration.swift in Sources */,
				831365752A9D8B1000578093 /* EKEventStore+AsyncFetch.swift in Sources */,
				831365342A8129BC00578093 /* SceneDelegate.swift in Sources */,
				8313655A2A8A1B0500578093 /* ReminderController+Section.swift in Sources */,
				831365732A9D86C100578093 /* PrioError.swift in Sources */,
				8313656B2A93114D00578093 /* DatePickerContentView.swift in Sources */,
				831365472A812E8800578093 /* Reminder.swift in Sources */,
			);
			runOnlyForDeploymentPostprocessing = 0;
		};
/* End PBXSourcesBuildPhase section */

/* Begin PBXVariantGroup section */
		831365372A8129BC00578093 /* Main.storyboard */ = {
			isa = PBXVariantGroup;
			children = (
				831365382A8129BC00578093 /* Base */,
			);
			name = Main.storyboard;
			sourceTree = "<group>";
		};
		8313653C2A8129BD00578093 /* LaunchScreen.storyboard */ = {
			isa = PBXVariantGroup;
			children = (
				8313653D2A8129BD00578093 /* Base */,
			);
			name = LaunchScreen.storyboard;
			sourceTree = "<group>";
		};
/* End PBXVariantGroup section */

/* Begin XCBuildConfiguration section */
		831365402A8129BD00578093 /* Debug */ = {
			isa = XCBuildConfiguration;
			buildSettings = {
				ALWAYS_SEARCH_USER_PATHS = NO;
				CLANG_ANALYZER_NONNULL = YES;
				CLANG_ANALYZER_NUMBER_OBJECT_CONVERSION = YES_AGGRESSIVE;
				CLANG_CXX_LANGUAGE_STANDARD = "gnu++20";
				CLANG_ENABLE_MODULES = YES;
				CLANG_ENABLE_OBJC_ARC = YES;
				CLANG_ENABLE_OBJC_WEAK = YES;
				CLANG_WARN_BLOCK_CAPTURE_AUTORELEASING = YES;
				CLANG_WARN_BOOL_CONVERSION = YES;
				CLANG_WARN_COMMA = YES;
				CLANG_WARN_CONSTANT_CONVERSION = YES;
				CLANG_WARN_DEPRECATED_OBJC_IMPLEMENTATIONS = YES;
				CLANG_WARN_DIRECT_OBJC_ISA_USAGE = YES_ERROR;
				CLANG_WARN_DOCUMENTATION_COMMENTS = YES;
				CLANG_WARN_EMPTY_BODY = YES;
				CLANG_WARN_ENUM_CONVERSION = YES;
				CLANG_WARN_INFINITE_RECURSION = YES;
				CLANG_WARN_INT_CONVERSION = YES;
				CLANG_WARN_NON_LITERAL_NULL_CONVERSION = YES;
				CLANG_WARN_OBJC_IMPLICIT_RETAIN_SELF = YES;
				CLANG_WARN_OBJC_LITERAL_CONVERSION = YES;
				CLANG_WARN_OBJC_ROOT_CLASS = YES_ERROR;
				CLANG_WARN_QUOTED_INCLUDE_IN_FRAMEWORK_HEADER = YES;
				CLANG_WARN_RANGE_LOOP_ANALYSIS = YES;
				CLANG_WARN_STRICT_PROTOTYPES = YES;
				CLANG_WARN_SUSPICIOUS_MOVE = YES;
				CLANG_WARN_UNGUARDED_AVAILABILITY = YES_AGGRESSIVE;
				CLANG_WARN_UNREACHABLE_CODE = YES;
				CLANG_WARN__DUPLICATE_METHOD_MATCH = YES;
				COPY_PHASE_STRIP = NO;
				DEBUG_INFORMATION_FORMAT = dwarf;
				ENABLE_STRICT_OBJC_MSGSEND = YES;
				ENABLE_TESTABILITY = YES;
				GCC_C_LANGUAGE_STANDARD = gnu11;
				GCC_DYNAMIC_NO_PIC = NO;
				GCC_NO_COMMON_BLOCKS = YES;
				GCC_OPTIMIZATION_LEVEL = 0;
				GCC_PREPROCESSOR_DEFINITIONS = (
					"DEBUG=1",
					"$(inherited)",
				);
				GCC_WARN_64_TO_32_BIT_CONVERSION = YES;
				GCC_WARN_ABOUT_RETURN_TYPE = YES_ERROR;
				GCC_WARN_UNDECLARED_SELECTOR = YES;
				GCC_WARN_UNINITIALIZED_AUTOS = YES_AGGRESSIVE;
				GCC_WARN_UNUSED_FUNCTION = YES;
				GCC_WARN_UNUSED_VARIABLE = YES;
				IPHONEOS_DEPLOYMENT_TARGET = 16.4;
				MTL_ENABLE_DEBUG_INFO = INCLUDE_SOURCE;
				MTL_FAST_MATH = YES;
				ONLY_ACTIVE_ARCH = YES;
				SDKROOT = iphoneos;
				SWIFT_ACTIVE_COMPILATION_CONDITIONS = DEBUG;
				SWIFT_OPTIMIZATION_LEVEL = "-Onone";
			};
			name = Debug;
		};
		831365412A8129BD00578093 /* Release */ = {
			isa = XCBuildConfiguration;
			buildSettings = {
				ALWAYS_SEARCH_USER_PATHS = NO;
				CLANG_ANALYZER_NONNULL = YES;
				CLANG_ANALYZER_NUMBER_OBJECT_CONVERSION = YES_AGGRESSIVE;
				CLANG_CXX_LANGUAGE_STANDARD = "gnu++20";
				CLANG_ENABLE_MODULES = YES;
				CLANG_ENABLE_OBJC_ARC = YES;
				CLANG_ENABLE_OBJC_WEAK = YES;
				CLANG_WARN_BLOCK_CAPTURE_AUTORELEASING = YES;
				CLANG_WARN_BOOL_CONVERSION = YES;
				CLANG_WARN_COMMA = YES;
				CLANG_WARN_CONSTANT_CONVERSION = YES;
				CLANG_WARN_DEPRECATED_OBJC_IMPLEMENTATIONS = YES;
				CLANG_WARN_DIRECT_OBJC_ISA_USAGE = YES_ERROR;
				CLANG_WARN_DOCUMENTATION_COMMENTS = YES;
				CLANG_WARN_EMPTY_BODY = YES;
				CLANG_WARN_ENUM_CONVERSION = YES;
				CLANG_WARN_INFINITE_RECURSION = YES;
				CLANG_WARN_INT_CONVERSION = YES;
				CLANG_WARN_NON_LITERAL_NULL_CONVERSION = YES;
				CLANG_WARN_OBJC_IMPLICIT_RETAIN_SELF = YES;
				CLANG_WARN_OBJC_LITERAL_CONVERSION = YES;
				CLANG_WARN_OBJC_ROOT_CLASS = YES_ERROR;
				CLANG_WARN_QUOTED_INCLUDE_IN_FRAMEWORK_HEADER = YES;
				CLANG_WARN_RANGE_LOOP_ANALYSIS = YES;
				CLANG_WARN_STRICT_PROTOTYPES = YES;
				CLANG_WARN_SUSPICIOUS_MOVE = YES;
				CLANG_WARN_UNGUARDED_AVAILABILITY = YES_AGGRESSIVE;
				CLANG_WARN_UNREACHABLE_CODE = YES;
				CLANG_WARN__DUPLICATE_METHOD_MATCH = YES;
				COPY_PHASE_STRIP = NO;
				DEBUG_INFORMATION_FORMAT = "dwarf-with-dsym";
				ENABLE_NS_ASSERTIONS = NO;
				ENABLE_STRICT_OBJC_MSGSEND = YES;
				GCC_C_LANGUAGE_STANDARD = gnu11;
				GCC_NO_COMMON_BLOCKS = YES;
				GCC_WARN_64_TO_32_BIT_CONVERSION = YES;
				GCC_WARN_ABOUT_RETURN_TYPE = YES_ERROR;
				GCC_WARN_UNDECLARED_SELECTOR = YES;
				GCC_WARN_UNINITIALIZED_AUTOS = YES_AGGRESSIVE;
				GCC_WARN_UNUSED_FUNCTION = YES;
				GCC_WARN_UNUSED_VARIABLE = YES;
				IPHONEOS_DEPLOYMENT_TARGET = 16.4;
				MTL_ENABLE_DEBUG_INFO = NO;
				MTL_FAST_MATH = YES;
				SDKROOT = iphoneos;
				SWIFT_COMPILATION_MODE = wholemodule;
				SWIFT_OPTIMIZATION_LEVEL = "-O";
				VALIDATE_PRODUCT = YES;
			};
			name = Release;
		};
		831365432A8129BD00578093 /* Debug */ = {
			isa = XCBuildConfiguration;
			buildSettings = {
				ASSETCATALOG_COMPILER_APPICON_NAME = AppIcon;
				ASSETCATALOG_COMPILER_GLOBAL_ACCENT_COLOR_NAME = AccentColor;
				CODE_SIGN_STYLE = Automatic;
				CURRENT_PROJECT_VERSION = 1;
				DEVELOPMENT_TEAM = LWG8XKATHV;
				GENERATE_INFOPLIST_FILE = YES;
				INFOPLIST_FILE = "PriO Manage/Info.plist";
				INFOPLIST_KEY_UIApplicationSupportsIndirectInputEvents = YES;
				INFOPLIST_KEY_UILaunchStoryboardName = LaunchScreen;
				INFOPLIST_KEY_UIMainStoryboardFile = Main;
				INFOPLIST_KEY_UISupportedInterfaceOrientations_iPad = "UIInterfaceOrientationPortrait UIInterfaceOrientationPortraitUpsideDown UIInterfaceOrientationLandscapeLeft UIInterfaceOrientationLandscapeRight";
				INFOPLIST_KEY_UISupportedInterfaceOrientations_iPhone = "UIInterfaceOrientationPortrait UIInterfaceOrientationLandscapeLeft UIInterfaceOrientationLandscapeRight";
				IPHONEOS_DEPLOYMENT_TARGET = 15.6;
				LD_RUNPATH_SEARCH_PATHS = (
					"$(inherited)",
					"@executable_path/Frameworks",
				);
				MARKETING_VERSION = 1.0;
				PRODUCT_BUNDLE_IDENTIFIER = "com.khoadai.PriO-Manage";
				PRODUCT_NAME = "$(TARGET_NAME)";
				SWIFT_EMIT_LOC_STRINGS = YES;
				SWIFT_VERSION = 5.0;
				TARGETED_DEVICE_FAMILY = "1,2";
			};
			name = Debug;
		};
		831365442A8129BD00578093 /* Release */ = {
			isa = XCBuildConfiguration;
			buildSettings = {
				ASSETCATALOG_COMPILER_APPICON_NAME = AppIcon;
				ASSETCATALOG_COMPILER_GLOBAL_ACCENT_COLOR_NAME = AccentColor;
				CODE_SIGN_STYLE = Automatic;
				CURRENT_PROJECT_VERSION = 1;
				DEVELOPMENT_TEAM = LWG8XKATHV;
				GENERATE_INFOPLIST_FILE = YES;
				INFOPLIST_FILE = "PriO Manage/Info.plist";
				INFOPLIST_KEY_UIApplicationSupportsIndirectInputEvents = YES;
				INFOPLIST_KEY_UILaunchStoryboardName = LaunchScreen;
				INFOPLIST_KEY_UIMainStoryboardFile = Main;
				INFOPLIST_KEY_UISupportedInterfaceOrientations_iPad = "UIInterfaceOrientationPortrait UIInterfaceOrientationPortraitUpsideDown UIInterfaceOrientationLandscapeLeft UIInterfaceOrientationLandscapeRight";
				INFOPLIST_KEY_UISupportedInterfaceOrientations_iPhone = "UIInterfaceOrientationPortrait UIInterfaceOrientationLandscapeLeft UIInterfaceOrientationLandscapeRight";
				IPHONEOS_DEPLOYMENT_TARGET = 15.6;
				LD_RUNPATH_SEARCH_PATHS = (
					"$(inherited)",
					"@executable_path/Frameworks",
				);
				MARKETING_VERSION = 1.0;
				PRODUCT_BUNDLE_IDENTIFIER = "com.khoadai.PriO-Manage";
				PRODUCT_NAME = "$(TARGET_NAME)";
				SWIFT_EMIT_LOC_STRINGS = YES;
				SWIFT_VERSION = 5.0;
				TARGETED_DEVICE_FAMILY = "1,2";
			};
			name = Release;
		};
/* End XCBuildConfiguration section */

/* Begin XCConfigurationList section */
		831365292A8129BC00578093 /* Build configuration list for PBXProject "PriO Manage" */ = {
			isa = XCConfigurationList;
			buildConfigurations = (
				831365402A8129BD00578093 /* Debug */,
				831365412A8129BD00578093 /* Release */,
			);
			defaultConfigurationIsVisible = 0;
			defaultConfigurationName = Release;
		};
		831365422A8129BD00578093 /* Build configuration list for PBXNativeTarget "PriO Manage" */ = {
			isa = XCConfigurationList;
			buildConfigurations = (
				831365432A8129BD00578093 /* Debug */,
				831365442A8129BD00578093 /* Release */,
			);
			defaultConfigurationIsVisible = 0;
			defaultConfigurationName = Release;
		};
/* End XCConfigurationList section */
	};
	rootObject = 831365262A8129BC00578093 /* Project object */;
}
